// !$*UTF8*$!
{
	archiveVersion = 1;
	classes = {
	};
	objectVersion = 46;
	objects = {

/* Begin PBXBuildFile section */
		D657F6911BA6BE140072C9C2 /* AppDelegate.swift in Sources */ = {isa = PBXBuildFile; fileRef = D657F6901BA6BE140072C9C2 /* AppDelegate.swift */; };
		D657F6931BA6BE140072C9C2 /* ViewController.swift in Sources */ = {isa = PBXBuildFile; fileRef = D657F6921BA6BE140072C9C2 /* ViewController.swift */; };
		D657F6961BA6BE140072C9C2 /* Main.storyboard in Resources */ = {isa = PBXBuildFile; fileRef = D657F6941BA6BE140072C9C2 /* Main.storyboard */; };
		D657F6981BA6BE140072C9C2 /* Images.xcassets in Resources */ = {isa = PBXBuildFile; fileRef = D657F6971BA6BE140072C9C2 /* Images.xcassets */; };
		D657F69B1BA6BE140072C9C2 /* LaunchScreen.xib in Resources */ = {isa = PBXBuildFile; fileRef = D657F6991BA6BE140072C9C2 /* LaunchScreen.xib */; };
		D657F6A71BA6BE140072C9C2 /* SCScrollViewExtendMenuTests.swift in Sources */ = {isa = PBXBuildFile; fileRef = D657F6A61BA6BE140072C9C2 /* SCScrollViewExtendMenuTests.swift */; };
		D657F6B41BA6BE970072C9C2 /* ExtendMenuView.swift in Sources */ = {isa = PBXBuildFile; fileRef = D657F6B31BA6BE970072C9C2 /* ExtendMenuView.swift */; };
		D657F6B61BA6BEEB0072C9C2 /* UIScrollView+extendMenu.swift in Sources */ = {isa = PBXBuildFile; fileRef = D657F6B51BA6BEEB0072C9C2 /* UIScrollView+extendMenu.swift */; };
/* End PBXBuildFile section */

/* Begin PBXContainerItemProxy section */
		D657F6A11BA6BE140072C9C2 /* PBXContainerItemProxy */ = {
			isa = PBXContainerItemProxy;
			containerPortal = D657F6831BA6BE140072C9C2 /* Project object */;
			proxyType = 1;
			remoteGlobalIDString = D657F68A1BA6BE140072C9C2;
			remoteInfo = SCScrollViewExtendMenu;
		};
/* End PBXContainerItemProxy section */

/* Begin PBXFileReference section */
		D657F68B1BA6BE140072C9C2 /* SCScrollViewExtendMenu.app */ = {isa = PBXFileReference; explicitFileType = wrapper.application; includeInIndex = 0; path = SCScrollViewExtendMenu.app; sourceTree = BUILT_PRODUCTS_DIR; };
		D657F68F1BA6BE140072C9C2 /* Info.plist */ = {isa = PBXFileReference; lastKnownFileType = text.plist.xml; path = Info.plist; sourceTree = "<group>"; };
		D657F6901BA6BE140072C9C2 /* AppDelegate.swift */ = {isa = PBXFileReference; lastKnownFileType = sourcecode.swift; path = AppDelegate.swift; sourceTree = "<group>"; };
		D657F6921BA6BE140072C9C2 /* ViewController.swift */ = {isa = PBXFileReference; lastKnownFileType = sourcecode.swift; path = ViewController.swift; sourceTree = "<group>"; };
		D657F6951BA6BE140072C9C2 /* Base */ = {isa = PBXFileReference; lastKnownFileType = file.storyboard; name = Base; path = Base.lproj/Main.storyboard; sourceTree = "<group>"; };
		D657F6971BA6BE140072C9C2 /* Images.xcassets */ = {isa = PBXFileReference; lastKnownFileType = folder.assetcatalog; path = Images.xcassets; sourceTree = "<group>"; };
		D657F69A1BA6BE140072C9C2 /* Base */ = {isa = PBXFileReference; lastKnownFileType = file.xib; name = Base; path = Base.lproj/LaunchScreen.xib; sourceTree = "<group>"; };
		D657F6A01BA6BE140072C9C2 /* SCScrollViewExtendMenuTests.xctest */ = {isa = PBXFileReference; explicitFileType = wrapper.cfbundle; includeInIndex = 0; path = SCScrollViewExtendMenuTests.xctest; sourceTree = BUILT_PRODUCTS_DIR; };
		D657F6A51BA6BE140072C9C2 /* Info.plist */ = {isa = PBXFileReference; lastKnownFileType = text.plist.xml; path = Info.plist; sourceTree = "<group>"; };
		D657F6A61BA6BE140072C9C2 /* SCScrollViewExtendMenuTests.swift */ = {isa = PBXFileReference; lastKnownFileType = sourcecode.swift; path = SCScrollViewExtendMenuTests.swift; sourceTree = "<group>"; };
		D657F6B31BA6BE970072C9C2 /* ExtendMenuView.swift */ = {isa = PBXFileReference; fileEncoding = 4; lastKnownFileType = sourcecode.swift; path = ExtendMenuView.swift; sourceTree = "<group>"; };
		D657F6B51BA6BEEB0072C9C2 /* UIScrollView+extendMenu.swift */ = {isa = PBXFileReference; fileEncoding = 4; lastKnownFileType = sourcecode.swift; path = "UIScrollView+extendMenu.swift"; sourceTree = "<group>"; };
/* End PBXFileReference section */

/* Begin PBXFrameworksBuildPhase section */
		D657F6881BA6BE140072C9C2 /* Frameworks */ = {
			isa = PBXFrameworksBuildPhase;
			buildActionMask = 2147483647;
			files = (
			);
			runOnlyForDeploymentPostprocessing = 0;
		};
		D657F69D1BA6BE140072C9C2 /* Frameworks */ = {
			isa = PBXFrameworksBuildPhase;
			buildActionMask = 2147483647;
			files = (
			);
			runOnlyForDeploymentPostprocessing = 0;
		};
/* End PBXFrameworksBuildPhase section */

/* Begin PBXGroup section */
		D657F6821BA6BE140072C9C2 = {
			isa = PBXGroup;
			children = (
				D657F68D1BA6BE140072C9C2 /* SCScrollViewExtendMenu */,
				D657F6A31BA6BE140072C9C2 /* SCScrollViewExtendMenuTests */,
				D657F68C1BA6BE140072C9C2 /* Products */,
			);
			sourceTree = "<group>";
		};
		D657F68C1BA6BE140072C9C2 /* Products */ = {
			isa = PBXGroup;
			children = (
				D657F68B1BA6BE140072C9C2 /* SCScrollViewExtendMenu.app */,
				D657F6A01BA6BE140072C9C2 /* SCScrollViewExtendMenuTests.xctest */,
			);
			name = Products;
			sourceTree = "<group>";
		};
		D657F68D1BA6BE140072C9C2 /* SCScrollViewExtendMenu */ = {
			isa = PBXGroup;
			children = (
				D657F6901BA6BE140072C9C2 /* AppDelegate.swift */,
				D657F6921BA6BE140072C9C2 /* ViewController.swift */,
				D657F6941BA6BE140072C9C2 /* Main.storyboard */,
				D657F6B21BA6BE970072C9C2 /* SCScrollViewExtendMenu */,
				D657F6971BA6BE140072C9C2 /* Images.xcassets */,
				D657F6991BA6BE140072C9C2 /* LaunchScreen.xib */,
				D657F68E1BA6BE140072C9C2 /* Supporting Files */,
			);
			path = SCScrollViewExtendMenu;
			sourceTree = "<group>";
		};
		D657F68E1BA6BE140072C9C2 /* Supporting Files */ = {
			isa = PBXGroup;
			children = (
				D657F68F1BA6BE140072C9C2 /* Info.plist */,
			);
			name = "Supporting Files";
			sourceTree = "<group>";
		};
		D657F6A31BA6BE140072C9C2 /* SCScrollViewExtendMenuTests */ = {
			isa = PBXGroup;
			children = (
				D657F6A61BA6BE140072C9C2 /* SCScrollViewExtendMenuTests.swift */,
				D657F6A41BA6BE140072C9C2 /* Supporting Files */,
			);
			path = SCScrollViewExtendMenuTests;
			sourceTree = "<group>";
		};
		D657F6A41BA6BE140072C9C2 /* Supporting Files */ = {
			isa = PBXGroup;
			children = (
				D657F6A51BA6BE140072C9C2 /* Info.plist */,
			);
			name = "Supporting Files";
			sourceTree = "<group>";
		};
		D657F6B21BA6BE970072C9C2 /* SCScrollViewExtendMenu */ = {
			isa = PBXGroup;
			children = (
				D657F6B31BA6BE970072C9C2 /* ExtendMenuView.swift */,
				D657F6B51BA6BEEB0072C9C2 /* UIScrollView+extendMenu.swift */,
			);
			path = SCScrollViewExtendMenu;
			sourceTree = "<group>";
		};
/* End PBXGroup section */

/* Begin PBXNativeTarget section */
		D657F68A1BA6BE140072C9C2 /* SCScrollViewExtendMenu */ = {
			isa = PBXNativeTarget;
			buildConfigurationList = D657F6AA1BA6BE140072C9C2 /* Build configuration list for PBXNativeTarget "SCScrollViewExtendMenu" */;
			buildPhases = (
				D657F6871BA6BE140072C9C2 /* Sources */,
				D657F6881BA6BE140072C9C2 /* Frameworks */,
				D657F6891BA6BE140072C9C2 /* Resources */,
			);
			buildRules = (
			);
			dependencies = (
			);
			name = SCScrollViewExtendMenu;
			productName = SCScrollViewExtendMenu;
			productReference = D657F68B1BA6BE140072C9C2 /* SCScrollViewExtendMenu.app */;
			productType = "com.apple.product-type.application";
		};
		D657F69F1BA6BE140072C9C2 /* SCScrollViewExtendMenuTests */ = {
			isa = PBXNativeTarget;
			buildConfigurationList = D657F6AD1BA6BE140072C9C2 /* Build configuration list for PBXNativeTarget "SCScrollViewExtendMenuTests" */;
			buildPhases = (
				D657F69C1BA6BE140072C9C2 /* Sources */,
				D657F69D1BA6BE140072C9C2 /* Frameworks */,
				D657F69E1BA6BE140072C9C2 /* Resources */,
			);
			buildRules = (
			);
			dependencies = (
				D657F6A21BA6BE140072C9C2 /* PBXTargetDependency */,
			);
			name = SCScrollViewExtendMenuTests;
			productName = SCScrollViewExtendMenuTests;
			productReference = D657F6A01BA6BE140072C9C2 /* SCScrollViewExtendMenuTests.xctest */;
			productType = "com.apple.product-type.bundle.unit-test";
		};
/* End PBXNativeTarget section */

/* Begin PBXProject section */
		D657F6831BA6BE140072C9C2 /* Project object */ = {
			isa = PBXProject;
			attributes = {
				LastUpgradeCheck = 0640;
				ORGANIZATIONNAME = sgcy;
				TargetAttributes = {
					D657F68A1BA6BE140072C9C2 = {
						CreatedOnToolsVersion = 6.4;
					};
					D657F69F1BA6BE140072C9C2 = {
						CreatedOnToolsVersion = 6.4;
						TestTargetID = D657F68A1BA6BE140072C9C2;
					};
				};
			};
			buildConfigurationList = D657F6861BA6BE140072C9C2 /* Build configuration list for PBXProject "SCScrollViewExtendMenu" */;
			compatibilityVersion = "Xcode 3.2";
			developmentRegion = English;
			hasScannedForEncodings = 0;
			knownRegions = (
				en,
				Base,
			);
			mainGroup = D657F6821BA6BE140072C9C2;
			productRefGroup = D657F68C1BA6BE140072C9C2 /* Products */;
			projectDirPath = "";
			projectRoot = "";
			targets = (
				D657F68A1BA6BE140072C9C2 /* SCScrollViewExtendMenu */,
				D657F69F1BA6BE140072C9C2 /* SCScrollViewExtendMenuTests */,
			);
		};
/* End PBXProject section */

/* Begin PBXResourcesBuildPhase section */
		D657F6891BA6BE140072C9C2 /* Resources */ = {
			isa = PBXResourcesBuildPhase;
			buildActionMask = 2147483647;
			files = (
				D657F6961BA6BE140072C9C2 /* Main.storyboard in Resources */,
				D657F69B1BA6BE140072C9C2 /* LaunchScreen.xib in Resources */,
				D657F6981BA6BE140072C9C2 /* Images.xcassets in Resources */,
			);
			runOnlyForDeploymentPostprocessing = 0;
		};
		D657F69E1BA6BE140072C9C2 /* Resources */ = {
			isa = PBXResourcesBuildPhase;
			buildActionMask = 2147483647;
			files = (
			);
			runOnlyForDeploymentPostprocessing = 0;
		};
/* End PBXResourcesBuildPhase section */

/* Begin PBXSourcesBuildPhase section */
		D657F6871BA6BE140072C9C2 /* Sources */ = {
			isa = PBXSourcesBuildPhase;
			buildActionMask = 2147483647;
			files = (
				D657F6B61BA6BEEB0072C9C2 /* UIScrollView+extendMenu.swift in Sources */,
				D657F6931BA6BE140072C9C2 /* ViewController.swift in Sources */,
				D657F6911BA6BE140072C9C2 /* AppDelegate.swift in Sources */,
				D657F6B41BA6BE970072C9C2 /* ExtendMenuView.swift in Sources */,
			);
			runOnlyForDeploymentPostprocessing = 0;
		};
		D657F69C1BA6BE140072C9C2 /* Sources */ = {
			isa = PBXSourcesBuildPhase;
			buildActionMask = 2147483647;
			files = (
				D657F6A71BA6BE140072C9C2 /* SCScrollViewExtendMenuTests.swift in Sources */,
			);
			runOnlyForDeploymentPostprocessing = 0;
		};
/* End PBXSourcesBuildPhase section */

/* Begin PBXTargetDependency section */
		D657F6A21BA6BE140072C9C2 /* PBXTargetDependency */ = {
			isa = PBXTargetDependency;
			target = D657F68A1BA6BE140072C9C2 /* SCScrollViewExtendMenu */;
			targetProxy = D657F6A11BA6BE140072C9C2 /* PBXContainerItemProxy */;
		};
/* End PBXTargetDependency section */

/* Begin PBXVariantGroup section */
		D657F6941BA6BE140072C9C2 /* Main.storyboard */ = {
			isa = PBXVariantGroup;
			children = (
				D657F6951BA6BE140072C9C2 /* Base */,
			);
			name = Main.storyboard;
			sourceTree = "<group>";
		};
		D657F6991BA6BE140072C9C2 /* LaunchScreen.xib */ = {
			isa = PBXVariantGroup;
			children = (
				D657F69A1BA6BE140072C9C2 /* Base */,
			);
			name = LaunchScreen.xib;
			sourceTree = "<group>";
		};
/* End PBXVariantGroup section */

/* Begin XCBuildConfiguration section */
		D657F6A81BA6BE140072C9C2 /* Debug */ = {
			isa = XCBuildConfiguration;
			buildSettings = {
				ALWAYS_SEARCH_USER_PATHS = NO;
				CLANG_CXX_LANGUAGE_STANDARD = "gnu++0x";
				CLANG_CXX_LIBRARY = "libc++";
				CLANG_ENABLE_MODULES = YES;
				CLANG_ENABLE_OBJC_ARC = YES;
				CLANG_WARN_BOOL_CONVERSION = YES;
				CLANG_WARN_CONSTANT_CONVERSION = YES;
				CLANG_WARN_DIRECT_OBJC_ISA_USAGE = YES_ERROR;
				CLANG_WARN_EMPTY_BODY = YES;
				CLANG_WARN_ENUM_CONVERSION = YES;
				CLANG_WARN_INT_CONVERSION = YES;
				CLANG_WARN_OBJC_ROOT_CLASS = YES_ERROR;
				CLANG_WARN_UNREACHABLE_CODE = YES;
				CLANG_WARN__DUPLICATE_METHOD_MATCH = YES;
				"CODE_SIGN_IDENTITY[sdk=iphoneos*]" = "iPhone Developer";
				COPY_PHASE_STRIP = NO;
				DEBUG_INFORMATION_FORMAT = "dwarf-with-dsym";
				ENABLE_STRICT_OBJC_MSGSEND = YES;
				GCC_C_LANGUAGE_STANDARD = gnu99;
				GCC_DYNAMIC_NO_PIC = NO;
				GCC_NO_COMMON_BLOCKS = YES;
				GCC_OPTIMIZATION_LEVEL = 0;
				GCC_PREPROCESSOR_DEFINITIONS = (
					"DEBUG=1",
					"$(inherited)",
				);
				GCC_SYMBOLS_PRIVATE_EXTERN = NO;
				GCC_WARN_64_TO_32_BIT_CONVERSION = YES;
				GCC_WARN_ABOUT_RETURN_TYPE = YES_ERROR;
				GCC_WARN_UNDECLARED_SELECTOR = YES;
				GCC_WARN_UNINITIALIZED_AUTOS = YES_AGGRESSIVE;
				GCC_WARN_UNUSED_FUNCTION = YES;
				GCC_WARN_UNUSED_VARIABLE = YES;
				IPHONEOS_DEPLOYMENT_TARGET = 8.4;
				MTL_ENABLE_DEBUG_INFO = YES;
				ONLY_ACTIVE_ARCH = YES;
				SDKROOT = iphoneos;
				SWIFT_OPTIMIZATION_LEVEL = "-Onone";
				TARGETED_DEVICE_FAMILY = "1,2";
			};
			name = Debug;
		};
		D657F6A91BA6BE140072C9C2 /* Release */ = {
			isa = XCBuildConfiguration;
			buildSettings = {
				ALWAYS_SEARCH_USER_PATHS = NO;
				CLANG_CXX_LANGUAGE_STANDARD = "gnu++0x";
				CLANG_CXX_LIBRARY = "libc++";
				CLANG_ENABLE_MODULES = YES;
				CLANG_ENABLE_OBJC_ARC = YES;
				CLANG_WARN_BOOL_CONVERSION = YES;
				CLANG_WARN_CONSTANT_CONVERSION = YES;
				CLANG_WARN_DIRECT_OBJC_ISA_USAGE = YES_ERROR;
				CLANG_WARN_EMPTY_BODY = YES;
				CLANG_WARN_ENUM_CONVERSION = YES;
				CLANG_WARN_INT_CONVERSION = YES;
				CLANG_WARN_OBJC_ROOT_CLASS = YES_ERROR;
				CLANG_WARN_UNREACHABLE_CODE = YES;
				CLANG_WARN__DUPLICATE_METHOD_MATCH = YES;
				"CODE_SIGN_IDENTITY[sdk=iphoneos*]" = "iPhone Developer";
				COPY_PHASE_STRIP = NO;
				DEBUG_INFORMATION_FORMAT = "dwarf-with-dsym";
				ENABLE_NS_ASSERTIONS = NO;
				ENABLE_STRICT_OBJC_MSGSEND = YES;
				GCC_C_LANGUAGE_STANDARD = gnu99;
				GCC_NO_COMMON_BLOCKS = YES;
				GCC_WARN_64_TO_32_BIT_CONVERSION = YES;
				GCC_WARN_ABOUT_RETURN_TYPE = YES_ERROR;
				GCC_WARN_UNDECLARED_SELECTOR = YES;
				GCC_WARN_UNINITIALIZED_AUTOS = YES_AGGRESSIVE;
				GCC_WARN_UNUSED_FUNCTION = YES;
				GCC_WARN_UNUSED_VARIABLE = YES;
				IPHONEOS_DEPLOYMENT_TARGET = 8.4;
				MTL_ENABLE_DEBUG_INFO = NO;
				SDKROOT = iphoneos;
				TARGETED_DEVICE_FAMILY = "1,2";
				VALIDATE_PRODUCT = YES;
			};
			name = Release;
		};
		D657F6AB1BA6BE140072C9C2 /* Debug */ = {
			isa = XCBuildConfiguration;
			buildSettings = {
				ASSETCATALOG_COMPILER_APPICON_NAME = AppIcon;
				INFOPLIST_FILE = SCScrollViewExtendMenu/Info.plist;
				LD_RUNPATH_SEARCH_PATHS = "$(inherited) @executable_path/Frameworks";
				PRODUCT_NAME = "$(TARGET_NAME)";
			};
			name = Debug;
		};
		D657F6AC1BA6BE140072C9C2 /* Release */ = {
			isa = XCBuildConfiguration;
			buildSettings = {
				ASSETCATALOG_COMPILER_APPICON_NAME = AppIcon;
				INFOPLIST_FILE = SCScrollViewExtendMenu/Info.plist;
				LD_RUNPATH_SEARCH_PATHS = "$(inherited) @executable_path/Frameworks";
				PRODUCT_NAME = "$(TARGET_NAME)";
			};
			name = Release;
		};
		D657F6AE1BA6BE140072C9C2 /* Debug */ = {
			isa = XCBuildConfiguration;
			buildSettings = {
				BUNDLE_LOADER = "$(TEST_HOST)";
				FRAMEWORK_SEARCH_PATHS = (
					"$(SDKROOT)/Developer/Library/Frameworks",
					"$(inherited)",
				);
				GCC_PREPROCESSOR_DEFINITIONS = (
					"DEBUG=1",
					"$(inherited)",
				);
				INFOPLIST_FILE = SCScrollViewExtendMenuTests/Info.plist;
				LD_RUNPATH_SEARCH_PATHS = "$(inherited) @executable_path/Frameworks @loader_path/Frameworks";
				PRODUCT_NAME = "$(TARGET_NAME)";
				TEST_HOST = "$(BUILT_PRODUCTS_DIR)/SCScrollViewExtendMenu.app/SCScrollViewExtendMenu";
			};
			name = Debug;
		};
		D657F6AF1BA6BE140072C9C2 /* Release */ = {
			isa = XCBuildConfiguration;
			buildSettings = {
				BUNDLE_LOADER = "$(TEST_HOST)";
				FRAMEWORK_SEARCH_PATHS = (
					"$(SDKROOT)/Developer/Library/Frameworks",
					"$(inherited)",
				);
				INFOPLIST_FILE = SCScrollViewExtendMenuTests/Info.plist;
				LD_RUNPATH_SEARCH_PATHS = "$(inherited) @executable_path/Frameworks @loader_path/Frameworks";
				PRODUCT_NAME = "$(TARGET_NAME)";
				TEST_HOST = "$(BUILT_PRODUCTS_DIR)/SCScrollViewExtendMenu.app/SCScrollViewExtendMenu";
			};
			name = Release;
		};
/* End XCBuildConfiguration section */

/* Begin XCConfigurationList section */
		D657F6861BA6BE140072C9C2 /* Build configuration list for PBXProject "SCScrollViewExtendMenu" */ = {
			isa = XCConfigurationList;
			buildConfigurations = (
				D657F6A81BA6BE140072C9C2 /* Debug */,
				D657F6A91BA6BE140072C9C2 /* Release */,
			);
			defaultConfigurationIsVisible = 0;
			defaultConfigurationName = Release;
		};
		D657F6AA1BA6BE140072C9C2 /* Build configuration list for PBXNativeTarget "SCScrollViewExtendMenu" */ = {
			isa = XCConfigurationList;
			buildConfigurations = (
				D657F6AB1BA6BE140072C9C2 /* Debug */,
				D657F6AC1BA6BE140072C9C2 /* Release */,
			);
			defaultConfigurationIsVisible = 0;
		};
		D657F6AD1BA6BE140072C9C2 /* Build configuration list for PBXNativeTarget "SCScrollViewExtendMenuTests" */ = {
			isa = XCConfigurationList;
			buildConfigurations = (
				D657F6AE1BA6BE140072C9C2 /* Debug */,
				D657F6AF1BA6BE140072C9C2 /* Release */,
			);
			defaultConfigurationIsVisible = 0;
		};
/* End XCConfigurationList section */
	};
	rootObject = D657F6831BA6BE140072C9C2 /* Project object */;
}
